
Microsoft Visual Studio Solution File, Format Version 12.00
# Visual Studio Version 17
VisualStudioVersion = 17.10.35027.167
MinimumVisualStudioVersion = 10.0.40219.1
Project("{FAE04EC0-301F-11D3-BF4B-00C04F79EFBC}") = "Address Book_WinForms", "Address Book_WinForms\Address Book_WinForms.csproj", "{F2AA8B25-599E-4809-AF46-510ECB5727CF}"
EndProject
Global
	GlobalSection(SolutionConfigurationPlatforms) = preSolution
		Debug|Any CPU = Debug|Any CPU
		Release|Any CPU = Release|Any CPU
	EndGlobalSection
	GlobalSection(ProjectConfigurationPlatforms) = postSolution
		{F2AA8B25-599E-4809-AF46-510ECB5727CF}.Debug|Any CPU.ActiveCfg = Debug|Any CPU
		{F2AA8B25-599E-4809-AF46-510ECB5727CF}.Debug|Any CPU.Build.0 = Debug|Any CPU
		{F2AA8B25-599E-4809-AF46-510ECB5727CF}.Release|Any CPU.ActiveCfg = Release|Any CPU
		{F2AA8B25-599E-4809-AF46-510ECB5727CF}.Release|Any CPU.Build.0 = Release|Any CPU
	EndGlobalSection
	GlobalSection(SolutionProperties) = preSolution
		HideSolutionNode = FALSE
	EndGlobalSection
	GlobalSection(ExtensibilityGlobals) = postSolution
		SolutionGuid = {A636963B-AE79-421F-BCE8-CD2EFEE795FF}
	EndGlobalSection
EndGlobal
